
Microsoft Visual Studio Solution File, Format Version 12.00
# Visual Studio 15
VisualStudioVersion = 15.0.28307.489
MinimumVisualStudioVersion = 10.0.40219.1
Project("{FAE04EC0-301F-11D3-BF4B-00C04F79EFBC}") = "MProject", "MProject\MProject.csproj", "{E86EE2D4-E3E4-483D-8CB9-15BE44A05E80}"
EndProject
Project("{FAE04EC0-301F-11D3-BF4B-00C04F79EFBC}") = "SocketClient", "SocketClient\SocketClient.csproj", "{9CC9E1BE-41F9-49DA-BA02-F9546CE330BA}"
EndProject
Global
	GlobalSection(SolutionConfigurationPlatforms) = preSolution
		Debug|Any CPU = Debug|Any CPU
		Release|Any CPU = Release|Any CPU
	EndGlobalSection
	GlobalSection(ProjectConfigurationPlatforms) = postSolution
		{E86EE2D4-E3E4-483D-8CB9-15BE44A05E80}.Debug|Any CPU.ActiveCfg = Debug|Any CPU
		{E86EE2D4-E3E4-483D-8CB9-15BE44A05E80}.Debug|Any CPU.Build.0 = Debug|Any CPU
		{E86EE2D4-E3E4-483D-8CB9-15BE44A05E80}.Release|Any CPU.ActiveCfg = Release|Any CPU
		{E86EE2D4-E3E4-483D-8CB9-15BE44A05E80}.Release|Any CPU.Build.0 = Release|Any CPU
		{9CC9E1BE-41F9-49DA-BA02-F9546CE330BA}.Debug|Any CPU.ActiveCfg = Debug|Any CPU
		{9CC9E1BE-41F9-49DA-BA02-F9546CE330BA}.Debug|Any CPU.Build.0 = Debug|Any CPU
		{9CC9E1BE-41F9-49DA-BA02-F9546CE330BA}.Release|Any CPU.ActiveCfg = Release|Any CPU
		{9CC9E1BE-41F9-49DA-BA02-F9546CE330BA}.Release|Any CPU.Build.0 = Release|Any CPU
	EndGlobalSection
	GlobalSection(SolutionProperties) = preSolution
		HideSolutionNode = FALSE
	EndGlobalSection
	GlobalSection(ExtensibilityGlobals) = postSolution
		SolutionGuid = {60CF2774-42FF-428B-AB1F-015132A656D6}
	EndGlobalSection
EndGlobal
